
Microsoft Visual Studio Solution File, Format Version 12.00
# Visual Studio Version 17
VisualStudioVersion = 17.0.31912.275
MinimumVisualStudioVersion = 10.0.40219.1
Project("{8BC9CEB8-8B4A-11D0-8D11-00A0C91BC942}") = "STL", "STL.vcxproj", "{A821304B-61F9-46F5-B17A-C87B6E4BA5BE}"
EndProject
Global
	GlobalSection(SolutionConfigurationPlatforms) = preSolution
		Debug|x64 = Debug|x64
		Debug|x86 = Debug|x86
		Release|x64 = Release|x64
		Release|x86 = Release|x86
	EndGlobalSection
	GlobalSection(ProjectConfigurationPlatforms) = postSolution
		{A821304B-61F9-46F5-B17A-C87B6E4BA5BE}.Debug|x64.ActiveCfg = Debug|x64
		{A821304B-61F9-46F5-B17A-C87B6E4BA5BE}.Debug|x64.Build.0 = Debug|x64
		{A821304B-61F9-46F5-B17A-C87B6E4BA5BE}.Debug|x86.ActiveCfg = Debug|Win32
		{A821304B-61F9-46F5-B17A-C87B6E4BA5BE}.Debug|x86.Build.0 = Debug|Win32
		{A821304B-61F9-46F5-B17A-C87B6E4BA5BE}.Release|x64.ActiveCfg = Release|x64
		{A821304B-61F9-46F5-B17A-C87B6E4BA5BE}.Release|x64.Build.0 = Release|x64
		{A821304B-61F9-46F5-B17A-C87B6E4BA5BE}.Release|x86.ActiveCfg = Release|Win32
		{A821304B-61F9-46F5-B17A-C87B6E4BA5BE}.Release|x86.Build.0 = Release|Win32
	EndGlobalSection
	GlobalSection(SolutionProperties) = preSolution
		HideSolutionNode = FALSE
	EndGlobalSection
	GlobalSection(ExtensibilityGlobals) = postSolution
		SolutionGuid = {91F4ADBB-18E6-41EB-9DAF-126B87153A06}
	EndGlobalSection
EndGlobal
